
Microsoft Visual Studio Solution File, Format Version 12.00
# Visual Studio Version 16
VisualStudioVersion = 16.0.31702.278
MinimumVisualStudioVersion = 10.0.40219.1
Project("{FAE04EC0-301F-11D3-BF4B-00C04F79EFBC}") = "TPWinForm_Jannello_Vaca", "TPWinForm_Jannello_Vaca\TPWinForm_Jannello_Vaca.csproj", "{57FC829A-E8AD-40BD-A36F-F65857975A32}"
EndProject
Global
	GlobalSection(SolutionConfigurationPlatforms) = preSolution
		Debug|Any CPU = Debug|Any CPU
		Release|Any CPU = Release|Any CPU
	EndGlobalSection
	GlobalSection(ProjectConfigurationPlatforms) = postSolution
		{57FC829A-E8AD-40BD-A36F-F65857975A32}.Debug|Any CPU.ActiveCfg = Debug|Any CPU
		{57FC829A-E8AD-40BD-A36F-F65857975A32}.Debug|Any CPU.Build.0 = Debug|Any CPU
		{57FC829A-E8AD-40BD-A36F-F65857975A32}.Release|Any CPU.ActiveCfg = Release|Any CPU
		{57FC829A-E8AD-40BD-A36F-F65857975A32}.Release|Any CPU.Build.0 = Release|Any CPU
	EndGlobalSection
	GlobalSection(SolutionProperties) = preSolution
		HideSolutionNode = FALSE
	EndGlobalSection
	GlobalSection(ExtensibilityGlobals) = postSolution
		SolutionGuid = {91E70F4E-EF86-404A-8608-F3999FFF59CC}
	EndGlobalSection
EndGlobal
